
Microsoft Visual Studio Solution File, Format Version 12.00
# Visual Studio Version 17
VisualStudioVersion = 17.7.34031.279
MinimumVisualStudioVersion = 10.0.40219.1
Project("{FAE04EC0-301F-11D3-BF4B-00C04F79EFBC}") = "DomaciUkol3", "DomaciUkol3\DomaciUkol3.csproj", "{DB426503-D37D-4022-AC38-0BFFE175B48E}"
EndProject
Global
	GlobalSection(SolutionConfigurationPlatforms) = preSolution
		Debug|Any CPU = Debug|Any CPU
		Release|Any CPU = Release|Any CPU
	EndGlobalSection
	GlobalSection(ProjectConfigurationPlatforms) = postSolution
		{DB426503-D37D-4022-AC38-0BFFE175B48E}.Debug|Any CPU.ActiveCfg = Debug|Any CPU
		{DB426503-D37D-4022-AC38-0BFFE175B48E}.Debug|Any CPU.Build.0 = Debug|Any CPU
		{DB426503-D37D-4022-AC38-0BFFE175B48E}.Release|Any CPU.ActiveCfg = Release|Any CPU
		{DB426503-D37D-4022-AC38-0BFFE175B48E}.Release|Any CPU.Build.0 = Release|Any CPU
	EndGlobalSection
	GlobalSection(SolutionProperties) = preSolution
		HideSolutionNode = FALSE
	EndGlobalSection
	GlobalSection(ExtensibilityGlobals) = postSolution
		SolutionGuid = {FD810D5E-4E1C-41EC-83CF-023B05A759D4}
	EndGlobalSection
EndGlobal
